
Microsoft Visual Studio Solution File, Format Version 12.00
# Visual Studio 15
Project("{FAE04EC0-301F-11D3-BF4B-00C04F79EFBC}") = "MentalHealth", "Assembly-CSharp.csproj", "{CC3F5C29-D975-154A-6B2E-B7A2D684DD3E}"
EndProject
Global
	GlobalSection(SolutionConfigurationPlatforms) = preSolution
		Debug|Any CPU = Debug|Any CPU
		Release|Any CPU = Release|Any CPU
	EndGlobalSection
	GlobalSection(ProjectConfigurationPlatforms) = postSolution
		{CC3F5C29-D975-154A-6B2E-B7A2D684DD3E}.Debug|Any CPU.ActiveCfg = Debug|Any CPU
		{CC3F5C29-D975-154A-6B2E-B7A2D684DD3E}.Debug|Any CPU.Build.0 = Debug|Any CPU
		{CC3F5C29-D975-154A-6B2E-B7A2D684DD3E}.Release|Any CPU.ActiveCfg = Release|Any CPU
		{CC3F5C29-D975-154A-6B2E-B7A2D684DD3E}.Release|Any CPU.Build.0 = Release|Any CPU
	EndGlobalSection
	GlobalSection(SolutionProperties) = preSolution
		HideSolutionNode = FALSE
	EndGlobalSection
EndGlobal
